{
  "lockfileVersion": 1,
  "configVersion": 1,
  "workspaces": {
    "": {
      "name": "warbler",
    },
    "packages/cli": {
      "name": "@warbler/cli",
      "version": "0.1.0",
      "bin": {
        "warbler": "./src/bin.ts",
      },
      "dependencies": {
        "@warbler/compiler": "workspace:*",
        "@warbler/config": "workspace:*",
        "@warbler/console": "workspace:*",
        "@warbler/core": "workspace:*",
        "@warbler/runtime": "workspace:*",
      },
      "devDependencies": {
        "@types/bun": "latest",
        "typescript": "^5.9.2",
      },
    },
    "packages/compiler": {
      "name": "@warbler/compiler",
      "version": "0.1.0",
      "dependencies": {
        "@warbler/console": "workspace:*",
        "@warbler/core": "workspace:*",
        "@warbler/validators": "workspace:*",
      },
      "devDependencies": {
        "@types/bun": "latest",
        "typescript": "^5.9.2",
      },
    },
    "packages/config": {
      "name": "@warbler/config",
      "version": "0.1.0",
      "devDependencies": {
        "@types/bun": "latest",
        "typescript": "^5.9.2",
      },
    },
    "packages/console": {
      "name": "@warbler/console",
      "version": "0.1.0",
      "devDependencies": {
        "@types/bun": "latest",
        "typescript": "^5.9.2",
      },
    },
    "packages/core": {
      "name": "@warbler/core",
      "version": "0.1.0",
      "devDependencies": {
        "@types/bun": "latest",
        "typescript": "^5.9.2",
      },
    },
    "packages/http": {
      "name": "@warbler/http",
      "version": "0.1.0",
      "dependencies": {
        "@warbler/config": "workspace:*",
        "@warbler/console": "workspace:*",
        "@warbler/core": "workspace:*",
        "@warbler/i18n": "workspace:*",
        "@warbler/transport": "workspace:*",
        "@warbler/validators": "workspace:*",
      },
      "devDependencies": {
        "@types/bun": "latest",
        "typescript": "^5.9.2",
      },
    },
    "packages/i18n": {
      "name": "@warbler/i18n",
      "version": "0.1.0",
      "dependencies": {
        "@warbler/console": "workspace:*",
      },
      "devDependencies": {
        "@types/bun": "latest",
        "typescript": "^5.9.2",
      },
    },
    "packages/runtime": {
      "name": "@warbler/runtime",
      "version": "0.1.0",
      "dependencies": {
        "@warbler/config": "workspace:*",
        "@warbler/console": "workspace:*",
        "@warbler/core": "workspace:*",
        "@warbler/i18n": "workspace:*",
        "@warbler/transport": "workspace:*",
      },
      "devDependencies": {
        "@types/bun": "latest",
        "typescript": "^5.9.2",
      },
    },
    "packages/transport": {
      "name": "@warbler/transport",
      "version": "0.1.0",
      "devDependencies": {
        "@types/bun": "latest",
        "typescript": "^5.9.2",
      },
    },
    "packages/validators": {
      "name": "@warbler/validators",
      "version": "0.1.0",
      "dependencies": {
        "@warbler/core": "workspace:*",
        "@warbler/i18n": "workspace:*",
      },
      "devDependencies": {
        "@types/bun": "latest",
        "typescript": "^5.9.2",
        "zod": "^4.0.0",
      },
      "peerDependencies": {
        "zod": "^4.0.0",
      },
    },
    "packages/websocket": {
      "name": "@warbler/websocket",
      "version": "0.1.0",
      "dependencies": {
        "@warbler/config": "workspace:*",
        "@warbler/console": "workspace:*",
        "@warbler/core": "workspace:*",
        "@warbler/i18n": "workspace:*",
        "@warbler/transport": "workspace:*",
        "@warbler/validators": "workspace:*",
      },
      "devDependencies": {
        "@types/bun": "latest",
        "typescript": "^5.9.2",
      },
    },
    "playground": {
      "name": "@warbler/playground",
      "version": "0.1.0",
      "dependencies": {
        "@warbler/core": "workspace:*",
        "@warbler/http": "workspace:*",
        "@warbler/runtime": "workspace:*",
        "@warbler/validators": "workspace:*",
        "@warbler/websocket": "workspace:*",
      },
      "devDependencies": {
        "@types/bun": "latest",
        "@warbler/cli": "workspace:*",
        "@warbler/compiler": "workspace:*",
        "@warbler/transport": "workspace:*",
        "typescript": "^5.9.2",
      },
    },
  },
  "packages": {
    "@types/bun": ["@types/bun@1.3.14", "", { "dependencies": { "bun-types": "1.3.14" } }, "sha512-h1hFqFVcvAvD9j9K7ZW7vd82aSA+rTdznZa+5bwvCwqSB1jmmfLcbIWhOLx1/+boy/xmjgCs/OMUL8hRJSmnPw=="],

    "@types/node": ["@types/node@26.1.2", "", { "dependencies": { "undici-types": "~8.3.0" } }, "sha512-Vu4a5UFA9rIIFJ7rB/Vaafh9lrCQszopTCx6KjFboXTGQbPNasehVR5TEiithSDGyd1DEiUByggTZsg8jukeIg=="],

    "@warbler/cli": ["@warbler/cli@workspace:packages/cli"],

    "@warbler/compiler": ["@warbler/compiler@workspace:packages/compiler"],

    "@warbler/config": ["@warbler/config@workspace:packages/config"],

    "@warbler/console": ["@warbler/console@workspace:packages/console"],

    "@warbler/core": ["@warbler/core@workspace:packages/core"],

    "@warbler/http": ["@warbler/http@workspace:packages/http"],

    "@warbler/i18n": ["@warbler/i18n@workspace:packages/i18n"],

    "@warbler/playground": ["@warbler/playground@workspace:playground"],

    "@warbler/runtime": ["@warbler/runtime@workspace:packages/runtime"],

    "@warbler/transport": ["@warbler/transport@workspace:packages/transport"],

    "@warbler/validators": ["@warbler/validators@workspace:packages/validators"],

    "@warbler/websocket": ["@warbler/websocket@workspace:packages/websocket"],

    "bun-types": ["bun-types@1.3.14", "", { "dependencies": { "@types/node": "*" } }, "sha512-4N0ig0fEomHt5R0KCFWjovxow98rIoRwKolrYdCcknNwMekCXRnWEUvgu5soYV8QXtVsrUD8B95MBOZGPvr6KQ=="],

    "typescript": ["typescript@5.9.3", "", { "bin": { "tsc": "bin/tsc", "tsserver": "bin/tsserver" } }, "sha512-jl1vZzPDinLr9eUt3J/t7V6FgNEw9QjvBPdysz9KfQDD41fQrC2Y4vKQdiaUpFT4bXlb1RHhLpp8wtm6M5TgSw=="],

    "undici-types": ["undici-types@8.3.0", "", {}, "sha512-j375ScV60dom+YkPFIfTLcOiPxkN/buHz5GobjLhixFuANaNs3C9l4GmrWqejgXWJ7BbJcFYpTEUkS1Ge8bpZQ=="],

    "zod": ["zod@4.4.3", "", {}, "sha512-ytENFjIJFl2UwYglde2jchW2Hwm4GJFLDiSXWdTrJQBIN9Fcyp7n4DhxJEiWNAJMV1/BqWfW/kkg71UDcHJyTQ=="],
  }
}
